// !$*UTF8*$!
{
	archiveVersion = 1;
	classes = {
	};
	objectVersion = 56;
	objects = {

/* Begin PBXBuildFile section */
		8D04DEC92AF67CC400026382 /* InstrumentItemView.swift in Sources */ = {isa = PBXBuildFile; fileRef = 8D04DEC82AF67CC400026382 /* InstrumentItemView.swift */; };
		8D04DECC2AF686CC00026382 /* SoundSettingsView.swift in Sources */ = {isa = PBXBuildFile; fileRef = 8D04DECB2AF686CC00026382 /* SoundSettingsView.swift */; };
		8D04DECF2AF68CB900026382 /* FooterControlsView.swift in Sources */ = {isa = PBXBuildFile; fileRef = 8D04DECE2AF68CB900026382 /* FooterControlsView.swift */; };
		8D04DED12AF6979B00026382 /* UIColor+hex.swift in Sources */ = {isa = PBXBuildFile; fileRef = 8D04DED02AF6979B00026382 /* UIColor+hex.swift */; };
		8D5E76D12AF176B10030F644 /* AppDelegate.swift in Sources */ = {isa = PBXBuildFile; fileRef = 8D5E76D02AF176B10030F644 /* AppDelegate.swift */; };
		8D5E76D32AF176B10030F644 /* SceneDelegate.swift in Sources */ = {isa = PBXBuildFile; fileRef = 8D5E76D22AF176B10030F644 /* SceneDelegate.swift */; };
		8D5E76DA2AF176B20030F644 /* Assets.xcassets in Resources */ = {isa = PBXBuildFile; fileRef = 8D5E76D92AF176B20030F644 /* Assets.xcassets */; };
		8D5E76DD2AF176B20030F644 /* LaunchScreen.storyboard in Resources */ = {isa = PBXBuildFile; fileRef = 8D5E76DB2AF176B20030F644 /* LaunchScreen.storyboard */; };
		8DE5F7352AF4226F00D7AC4D /* MainViewModel.swift in Sources */ = {isa = PBXBuildFile; fileRef = 8DE5F7312AF4226F00D7AC4D /* MainViewModel.swift */; };
		8DE5F7362AF4226F00D7AC4D /* MainViewController.swift in Sources */ = {isa = PBXBuildFile; fileRef = 8DE5F7322AF4226F00D7AC4D /* MainViewController.swift */; };
		8DE5F7372AF4226F00D7AC4D /* MainAssembly.swift in Sources */ = {isa = PBXBuildFile; fileRef = 8DE5F7332AF4226F00D7AC4D /* MainAssembly.swift */; };
		8DE5F73C2AF423E500D7AC4D /* InstrumentsView.swift in Sources */ = {isa = PBXBuildFile; fileRef = 8DE5F73B2AF423E400D7AC4D /* InstrumentsView.swift */; };
		8DE5F73E2AF4241E00D7AC4D /* Instrument.swift in Sources */ = {isa = PBXBuildFile; fileRef = 8DE5F73D2AF4241E00D7AC4D /* Instrument.swift */; };
		8DE5F7402AF4243B00D7AC4D /* Sample.swift in Sources */ = {isa = PBXBuildFile; fileRef = 8DE5F73F2AF4243B00D7AC4D /* Sample.swift */; };
/* End PBXBuildFile section */

/* Begin PBXFileReference section */
		8D04DEC82AF67CC400026382 /* InstrumentItemView.swift */ = {isa = PBXFileReference; lastKnownFileType = sourcecode.swift; path = InstrumentItemView.swift; sourceTree = "<group>"; };
		8D04DECB2AF686CC00026382 /* SoundSettingsView.swift */ = {isa = PBXFileReference; lastKnownFileType = sourcecode.swift; path = SoundSettingsView.swift; sourceTree = "<group>"; };
		8D04DECE2AF68CB900026382 /* FooterControlsView.swift */ = {isa = PBXFileReference; lastKnownFileType = sourcecode.swift; path = FooterControlsView.swift; sourceTree = "<group>"; };
		8D04DED02AF6979B00026382 /* UIColor+hex.swift */ = {isa = PBXFileReference; lastKnownFileType = sourcecode.swift; path = "UIColor+hex.swift"; sourceTree = "<group>"; };
		8D5E76CD2AF176B10030F644 /* YandexCup2023MusicApp.app */ = {isa = PBXFileReference; explicitFileType = wrapper.application; includeInIndex = 0; path = YandexCup2023MusicApp.app; sourceTree = BUILT_PRODUCTS_DIR; };
		8D5E76D02AF176B10030F644 /* AppDelegate.swift */ = {isa = PBXFileReference; lastKnownFileType = sourcecode.swift; path = AppDelegate.swift; sourceTree = "<group>"; };
		8D5E76D22AF176B10030F644 /* SceneDelegate.swift */ = {isa = PBXFileReference; lastKnownFileType = sourcecode.swift; path = SceneDelegate.swift; sourceTree = "<group>"; };
		8D5E76D92AF176B20030F644 /* Assets.xcassets */ = {isa = PBXFileReference; lastKnownFileType = folder.assetcatalog; path = Assets.xcassets; sourceTree = "<group>"; };
		8D5E76DC2AF176B20030F644 /* Base */ = {isa = PBXFileReference; lastKnownFileType = file.storyboard; name = Base; path = Base.lproj/LaunchScreen.storyboard; sourceTree = "<group>"; };
		8D5E76DE2AF176B20030F644 /* Info.plist */ = {isa = PBXFileReference; lastKnownFileType = text.plist.xml; path = Info.plist; sourceTree = "<group>"; };
		8DE5F7312AF4226F00D7AC4D /* MainViewModel.swift */ = {isa = PBXFileReference; lastKnownFileType = sourcecode.swift; path = MainViewModel.swift; sourceTree = "<group>"; };
		8DE5F7322AF4226F00D7AC4D /* MainViewController.swift */ = {isa = PBXFileReference; lastKnownFileType = sourcecode.swift; path = MainViewController.swift; sourceTree = "<group>"; };
		8DE5F7332AF4226F00D7AC4D /* MainAssembly.swift */ = {isa = PBXFileReference; lastKnownFileType = sourcecode.swift; path = MainAssembly.swift; sourceTree = "<group>"; };
		8DE5F73B2AF423E400D7AC4D /* InstrumentsView.swift */ = {isa = PBXFileReference; lastKnownFileType = sourcecode.swift; path = InstrumentsView.swift; sourceTree = "<group>"; };
		8DE5F73D2AF4241E00D7AC4D /* Instrument.swift */ = {isa = PBXFileReference; lastKnownFileType = sourcecode.swift; path = Instrument.swift; sourceTree = "<group>"; };
		8DE5F73F2AF4243B00D7AC4D /* Sample.swift */ = {isa = PBXFileReference; lastKnownFileType = sourcecode.swift; path = Sample.swift; sourceTree = "<group>"; };
/* End PBXFileReference section */

/* Begin PBXFrameworksBuildPhase section */
		8D5E76CA2AF176B10030F644 /* Frameworks */ = {
			isa = PBXFrameworksBuildPhase;
			buildActionMask = 2147483647;
			files = (
			);
			runOnlyForDeploymentPostprocessing = 0;
		};
/* End PBXFrameworksBuildPhase section */

/* Begin PBXGroup section */
		8D04DECA2AF686B900026382 /* SoundSettingsView */ = {
			isa = PBXGroup;
			children = (
				8D04DECB2AF686CC00026382 /* SoundSettingsView.swift */,
			);
			path = SoundSettingsView;
			sourceTree = "<group>";
		};
		8D04DECD2AF68C9D00026382 /* FooterControlsView */ = {
			isa = PBXGroup;
			children = (
				8D04DECE2AF68CB900026382 /* FooterControlsView.swift */,
			);
			path = FooterControlsView;
			sourceTree = "<group>";
		};
		8D04DED32AF697E400026382 /* Utils */ = {
			isa = PBXGroup;
			children = (
				8D04DED02AF6979B00026382 /* UIColor+hex.swift */,
			);
			path = Utils;
			sourceTree = "<group>";
		};
		8D5E76C42AF176B10030F644 = {
			isa = PBXGroup;
			children = (
				8D5E76CF2AF176B10030F644 /* YandexCup2023MusicApp */,
				8D5E76CE2AF176B10030F644 /* Products */,
			);
			sourceTree = "<group>";
		};
		8D5E76CE2AF176B10030F644 /* Products */ = {
			isa = PBXGroup;
			children = (
				8D5E76CD2AF176B10030F644 /* YandexCup2023MusicApp.app */,
			);
			name = Products;
			sourceTree = "<group>";
		};
		8D5E76CF2AF176B10030F644 /* YandexCup2023MusicApp */ = {
			isa = PBXGroup;
			children = (
				8DE6C6BB2AF418A500CE2E55 /* Application Layer */,
				8DE6C6BC2AF418AC00CE2E55 /* Data Layer */,
				8DE6C6BD2AF418B100CE2E55 /* Presentation Layer */,
				8D04DED32AF697E400026382 /* Utils */,
			);
			path = YandexCup2023MusicApp;
			sourceTree = "<group>";
		};
		8DE5F73A2AF4234300D7AC4D /* InstrumentsView */ = {
			isa = PBXGroup;
			children = (
				8D04DEC82AF67CC400026382 /* InstrumentItemView.swift */,
				8DE5F73B2AF423E400D7AC4D /* InstrumentsView.swift */,
			);
			path = InstrumentsView;
			sourceTree = "<group>";
		};
		8DE6C6BB2AF418A500CE2E55 /* Application Layer */ = {
			isa = PBXGroup;
			children = (
				8D5E76DE2AF176B20030F644 /* Info.plist */,
				8D5E76D02AF176B10030F644 /* AppDelegate.swift */,
				8D5E76D22AF176B10030F644 /* SceneDelegate.swift */,
				8D5E76D92AF176B20030F644 /* Assets.xcassets */,
				8D5E76DB2AF176B20030F644 /* LaunchScreen.storyboard */,
			);
			path = "Application Layer";
			sourceTree = "<group>";
		};
		8DE6C6BC2AF418AC00CE2E55 /* Data Layer */ = {
			isa = PBXGroup;
			children = (
				8DE5F73D2AF4241E00D7AC4D /* Instrument.swift */,
				8DE5F73F2AF4243B00D7AC4D /* Sample.swift */,
			);
			path = "Data Layer";
			sourceTree = "<group>";
		};
		8DE6C6BD2AF418B100CE2E55 /* Presentation Layer */ = {
			isa = PBXGroup;
			children = (
				8DE6C6BF2AF4194A00CE2E55 /* Components */,
				8DE6C6BE2AF4194700CE2E55 /* User Stories */,
			);
			path = "Presentation Layer";
			sourceTree = "<group>";
		};
		8DE6C6BE2AF4194700CE2E55 /* User Stories */ = {
			isa = PBXGroup;
			children = (
				8DE6C6C12AF419BF00CE2E55 /* Main */,
			);
			path = "User Stories";
			sourceTree = "<group>";
		};
		8DE6C6BF2AF4194A00CE2E55 /* Components */ = {
			isa = PBXGroup;
			children = (
				8D04DECD2AF68C9D00026382 /* FooterControlsView */,
				8DE5F73A2AF4234300D7AC4D /* InstrumentsView */,
				8D04DECA2AF686B900026382 /* SoundSettingsView */,
			);
			path = Components;
			sourceTree = "<group>";
		};
		8DE6C6C12AF419BF00CE2E55 /* Main */ = {
			isa = PBXGroup;
			children = (
				8DE5F7312AF4226F00D7AC4D /* MainViewModel.swift */,
				8DE5F7322AF4226F00D7AC4D /* MainViewController.swift */,
				8DE5F7332AF4226F00D7AC4D /* MainAssembly.swift */,
			);
			path = Main;
			sourceTree = "<group>";
		};
/* End PBXGroup section */

/* Begin PBXNativeTarget section */
		8D5E76CC2AF176B10030F644 /* YandexCup2023MusicApp */ = {
			isa = PBXNativeTarget;
			buildConfigurationList = 8D5E76E12AF176B20030F644 /* Build configuration list for PBXNativeTarget "YandexCup2023MusicApp" */;
			buildPhases = (
				8D5E76C92AF176B10030F644 /* Sources */,
				8D5E76CA2AF176B10030F644 /* Frameworks */,
				8D5E76CB2AF176B10030F644 /* Resources */,
			);
			buildRules = (
			);
			dependencies = (
			);
			name = YandexCup2023MusicApp;
			productName = YandexCup2023MusicApp;
			productReference = 8D5E76CD2AF176B10030F644 /* YandexCup2023MusicApp.app */;
			productType = "com.apple.product-type.application";
		};
/* End PBXNativeTarget section */

/* Begin PBXProject section */
		8D5E76C52AF176B10030F644 /* Project object */ = {
			isa = PBXProject;
			attributes = {
				BuildIndependentTargetsInParallel = 1;
				LastSwiftUpdateCheck = 1430;
				LastUpgradeCheck = 1430;
				TargetAttributes = {
					8D5E76CC2AF176B10030F644 = {
						CreatedOnToolsVersion = 14.3.1;
					};
				};
			};
			buildConfigurationList = 8D5E76C82AF176B10030F644 /* Build configuration list for PBXProject "YandexCup2023MusicApp" */;
			compatibilityVersion = "Xcode 14.0";
			developmentRegion = en;
			hasScannedForEncodings = 0;
			knownRegions = (
				en,
				Base,
			);
			mainGroup = 8D5E76C42AF176B10030F644;
			productRefGroup = 8D5E76CE2AF176B10030F644 /* Products */;
			projectDirPath = "";
			projectRoot = "";
			targets = (
				8D5E76CC2AF176B10030F644 /* YandexCup2023MusicApp */,
			);
		};
/* End PBXProject section */

/* Begin PBXResourcesBuildPhase section */
		8D5E76CB2AF176B10030F644 /* Resources */ = {
			isa = PBXResourcesBuildPhase;
			buildActionMask = 2147483647;
			files = (
				8D5E76DD2AF176B20030F644 /* LaunchScreen.storyboard in Resources */,
				8D5E76DA2AF176B20030F644 /* Assets.xcassets in Resources */,
			);
			runOnlyForDeploymentPostprocessing = 0;
		};
/* End PBXResourcesBuildPhase section */

/* Begin PBXSourcesBuildPhase section */
		8D5E76C92AF176B10030F644 /* Sources */ = {
			isa = PBXSourcesBuildPhase;
			buildActionMask = 2147483647;
			files = (
				8DE5F7372AF4226F00D7AC4D /* MainAssembly.swift in Sources */,
				8DE5F7402AF4243B00D7AC4D /* Sample.swift in Sources */,
				8DE5F73C2AF423E500D7AC4D /* InstrumentsView.swift in Sources */,
				8D5E76D12AF176B10030F644 /* AppDelegate.swift in Sources */,
				8D5E76D32AF176B10030F644 /* SceneDelegate.swift in Sources */,
				8DE5F73E2AF4241E00D7AC4D /* Instrument.swift in Sources */,
				8D04DEC92AF67CC400026382 /* InstrumentItemView.swift in Sources */,
				8D04DECC2AF686CC00026382 /* SoundSettingsView.swift in Sources */,
				8DE5F7352AF4226F00D7AC4D /* MainViewModel.swift in Sources */,
				8D04DED12AF6979B00026382 /* UIColor+hex.swift in Sources */,
				8D04DECF2AF68CB900026382 /* FooterControlsView.swift in Sources */,
				8DE5F7362AF4226F00D7AC4D /* MainViewController.swift in Sources */,
			);
			runOnlyForDeploymentPostprocessing = 0;
		};
/* End PBXSourcesBuildPhase section */

/* Begin PBXVariantGroup section */
		8D5E76DB2AF176B20030F644 /* LaunchScreen.storyboard */ = {
			isa = PBXVariantGroup;
			children = (
				8D5E76DC2AF176B20030F644 /* Base */,
			);
			name = LaunchScreen.storyboard;
			sourceTree = "<group>";
		};
/* End PBXVariantGroup section */

/* Begin XCBuildConfiguration section */
		8D5E76DF2AF176B20030F644 /* Debug */ = {
			isa = XCBuildConfiguration;
			buildSettings = {
				ALWAYS_SEARCH_USER_PATHS = NO;
				CLANG_ANALYZER_NONNULL = YES;
				CLANG_ANALYZER_NUMBER_OBJECT_CONVERSION = YES_AGGRESSIVE;
				CLANG_CXX_LANGUAGE_STANDARD = "gnu++20";
				CLANG_ENABLE_MODULES = YES;
				CLANG_ENABLE_OBJC_ARC = YES;
				CLANG_ENABLE_OBJC_WEAK = YES;
				CLANG_WARN_BLOCK_CAPTURE_AUTORELEASING = YES;
				CLANG_WARN_BOOL_CONVERSION = YES;
				CLANG_WARN_COMMA = YES;
				CLANG_WARN_CONSTANT_CONVERSION = YES;
				CLANG_WARN_DEPRECATED_OBJC_IMPLEMENTATIONS = YES;
				CLANG_WARN_DIRECT_OBJC_ISA_USAGE = YES_ERROR;
				CLANG_WARN_DOCUMENTATION_COMMENTS = YES;
				CLANG_WARN_EMPTY_BODY = YES;
				CLANG_WARN_ENUM_CONVERSION = YES;
				CLANG_WARN_INFINITE_RECURSION = YES;
				CLANG_WARN_INT_CONVERSION = YES;
				CLANG_WARN_NON_LITERAL_NULL_CONVERSION = YES;
				CLANG_WARN_OBJC_IMPLICIT_RETAIN_SELF = YES;
				CLANG_WARN_OBJC_LITERAL_CONVERSION = YES;
				CLANG_WARN_OBJC_ROOT_CLASS = YES_ERROR;
				CLANG_WARN_QUOTED_INCLUDE_IN_FRAMEWORK_HEADER = YES;
				CLANG_WARN_RANGE_LOOP_ANALYSIS = YES;
				CLANG_WARN_STRICT_PROTOTYPES = YES;
				CLANG_WARN_SUSPICIOUS_MOVE = YES;
				CLANG_WARN_UNGUARDED_AVAILABILITY = YES_AGGRESSIVE;
				CLANG_WARN_UNREACHABLE_CODE = YES;
				CLANG_WARN__DUPLICATE_METHOD_MATCH = YES;
				COPY_PHASE_STRIP = NO;
				DEBUG_INFORMATION_FORMAT = dwarf;
				ENABLE_STRICT_OBJC_MSGSEND = YES;
				ENABLE_TESTABILITY = YES;
				GCC_C_LANGUAGE_STANDARD = gnu11;
				GCC_DYNAMIC_NO_PIC = NO;
				GCC_NO_COMMON_BLOCKS = YES;
				GCC_OPTIMIZATION_LEVEL = 0;
				GCC_PREPROCESSOR_DEFINITIONS = (
					"DEBUG=1",
					"$(inherited)",
				);
				GCC_WARN_64_TO_32_BIT_CONVERSION = YES;
				GCC_WARN_ABOUT_RETURN_TYPE = YES_ERROR;
				GCC_WARN_UNDECLARED_SELECTOR = YES;
				GCC_WARN_UNINITIALIZED_AUTOS = YES_AGGRESSIVE;
				GCC_WARN_UNUSED_FUNCTION = YES;
				GCC_WARN_UNUSED_VARIABLE = YES;
				IPHONEOS_DEPLOYMENT_TARGET = 16.4;
				MTL_ENABLE_DEBUG_INFO = INCLUDE_SOURCE;
				MTL_FAST_MATH = YES;
				ONLY_ACTIVE_ARCH = YES;
				SDKROOT = iphoneos;
				SWIFT_ACTIVE_COMPILATION_CONDITIONS = DEBUG;
				SWIFT_OPTIMIZATION_LEVEL = "-Onone";
			};
			name = Debug;
		};
		8D5E76E02AF176B20030F644 /* Release */ = {
			isa = XCBuildConfiguration;
			buildSettings = {
				ALWAYS_SEARCH_USER_PATHS = NO;
				CLANG_ANALYZER_NONNULL = YES;
				CLANG_ANALYZER_NUMBER_OBJECT_CONVERSION = YES_AGGRESSIVE;
				CLANG_CXX_LANGUAGE_STANDARD = "gnu++20";
				CLANG_ENABLE_MODULES = YES;
				CLANG_ENABLE_OBJC_ARC = YES;
				CLANG_ENABLE_OBJC_WEAK = YES;
				CLANG_WARN_BLOCK_CAPTURE_AUTORELEASING = YES;
				CLANG_WARN_BOOL_CONVERSION = YES;
				CLANG_WARN_COMMA = YES;
				CLANG_WARN_CONSTANT_CONVERSION = YES;
				CLANG_WARN_DEPRECATED_OBJC_IMPLEMENTATIONS = YES;
				CLANG_WARN_DIRECT_OBJC_ISA_USAGE = YES_ERROR;
				CLANG_WARN_DOCUMENTATION_COMMENTS = YES;
				CLANG_WARN_EMPTY_BODY = YES;
				CLANG_WARN_ENUM_CONVERSION = YES;
				CLANG_WARN_INFINITE_RECURSION = YES;
				CLANG_WARN_INT_CONVERSION = YES;
				CLANG_WARN_NON_LITERAL_NULL_CONVERSION = YES;
				CLANG_WARN_OBJC_IMPLICIT_RETAIN_SELF = YES;
				CLANG_WARN_OBJC_LITERAL_CONVERSION = YES;
				CLANG_WARN_OBJC_ROOT_CLASS = YES_ERROR;
				CLANG_WARN_QUOTED_INCLUDE_IN_FRAMEWORK_HEADER = YES;
				CLANG_WARN_RANGE_LOOP_ANALYSIS = YES;
				CLANG_WARN_STRICT_PROTOTYPES = YES;
				CLANG_WARN_SUSPICIOUS_MOVE = YES;
				CLANG_WARN_UNGUARDED_AVAILABILITY = YES_AGGRESSIVE;
				CLANG_WARN_UNREACHABLE_CODE = YES;
				CLANG_WARN__DUPLICATE_METHOD_MATCH = YES;
				COPY_PHASE_STRIP = NO;
				DEBUG_INFORMATION_FORMAT = "dwarf-with-dsym";
				ENABLE_NS_ASSERTIONS = NO;
				ENABLE_STRICT_OBJC_MSGSEND = YES;
				GCC_C_LANGUAGE_STANDARD = gnu11;
				GCC_NO_COMMON_BLOCKS = YES;
				GCC_WARN_64_TO_32_BIT_CONVERSION = YES;
				GCC_WARN_ABOUT_RETURN_TYPE = YES_ERROR;
				GCC_WARN_UNDECLARED_SELECTOR = YES;
				GCC_WARN_UNINITIALIZED_AUTOS = YES_AGGRESSIVE;
				GCC_WARN_UNUSED_FUNCTION = YES;
				GCC_WARN_UNUSED_VARIABLE = YES;
				IPHONEOS_DEPLOYMENT_TARGET = 16.4;
				MTL_ENABLE_DEBUG_INFO = NO;
				MTL_FAST_MATH = YES;
				SDKROOT = iphoneos;
				SWIFT_COMPILATION_MODE = wholemodule;
				SWIFT_OPTIMIZATION_LEVEL = "-O";
				VALIDATE_PRODUCT = YES;
			};
			name = Release;
		};
		8D5E76E22AF176B20030F644 /* Debug */ = {
			isa = XCBuildConfiguration;
			buildSettings = {
				ASSETCATALOG_COMPILER_APPICON_NAME = AppIcon;
				ASSETCATALOG_COMPILER_GLOBAL_ACCENT_COLOR_NAME = AccentColor;
				CODE_SIGN_STYLE = Automatic;
				CURRENT_PROJECT_VERSION = 1;
				GENERATE_INFOPLIST_FILE = YES;
				INFOPLIST_FILE = "YandexCup2023MusicApp/Application Layer/Info.plist";
				INFOPLIST_KEY_UIApplicationSupportsIndirectInputEvents = YES;
				INFOPLIST_KEY_UILaunchStoryboardName = LaunchScreen.storyboard;
				INFOPLIST_KEY_UIStatusBarStyle = UIStatusBarStyleLightContent;
				INFOPLIST_KEY_UISupportedInterfaceOrientations = UIInterfaceOrientationPortrait;
				INFOPLIST_KEY_UISupportedInterfaceOrientations_iPad = "UIInterfaceOrientationLandscapeLeft UIInterfaceOrientationLandscapeRight UIInterfaceOrientationPortrait UIInterfaceOrientationPortraitUpsideDown";
				LD_RUNPATH_SEARCH_PATHS = (
					"$(inherited)",
					"@executable_path/Frameworks",
				);
				MARKETING_VERSION = 1.0;
				PRODUCT_BUNDLE_IDENTIFIER = vladislav.markov.YandexCup2023MusicApp;
				PRODUCT_NAME = "$(TARGET_NAME)";
				SUPPORTED_PLATFORMS = "iphoneos iphonesimulator";
				SUPPORTS_MACCATALYST = NO;
				SUPPORTS_MAC_DESIGNED_FOR_IPHONE_IPAD = NO;
				SWIFT_EMIT_LOC_STRINGS = YES;
				SWIFT_VERSION = 5.0;
				TARGETED_DEVICE_FAMILY = 1;
			};
			name = Debug;
		};
		8D5E76E32AF176B20030F644 /* Release */ = {
			isa = XCBuildConfiguration;
			buildSettings = {
				ASSETCATALOG_COMPILER_APPICON_NAME = AppIcon;
				ASSETCATALOG_COMPILER_GLOBAL_ACCENT_COLOR_NAME = AccentColor;
				CODE_SIGN_STYLE = Automatic;
				CURRENT_PROJECT_VERSION = 1;
				GENERATE_INFOPLIST_FILE = YES;
				INFOPLIST_FILE = "YandexCup2023MusicApp/Application Layer/Info.plist";
				INFOPLIST_KEY_UIApplicationSupportsIndirectInputEvents = YES;
				INFOPLIST_KEY_UILaunchStoryboardName = LaunchScreen.storyboard;
				INFOPLIST_KEY_UIStatusBarStyle = UIStatusBarStyleLightContent;
				INFOPLIST_KEY_UISupportedInterfaceOrientations = UIInterfaceOrientationPortrait;
				INFOPLIST_KEY_UISupportedInterfaceOrientations_iPad = "UIInterfaceOrientationLandscapeLeft UIInterfaceOrientationLandscapeRight UIInterfaceOrientationPortrait UIInterfaceOrientationPortraitUpsideDown";
				LD_RUNPATH_SEARCH_PATHS = (
					"$(inherited)",
					"@executable_path/Frameworks",
				);
				MARKETING_VERSION = 1.0;
				PRODUCT_BUNDLE_IDENTIFIER = vladislav.markov.YandexCup2023MusicApp;
				PRODUCT_NAME = "$(TARGET_NAME)";
				SUPPORTED_PLATFORMS = "iphoneos iphonesimulator";
				SUPPORTS_MACCATALYST = NO;
				SUPPORTS_MAC_DESIGNED_FOR_IPHONE_IPAD = NO;
				SWIFT_EMIT_LOC_STRINGS = YES;
				SWIFT_VERSION = 5.0;
				TARGETED_DEVICE_FAMILY = 1;
			};
			name = Release;
		};
/* End XCBuildConfiguration section */

/* Begin XCConfigurationList section */
		8D5E76C82AF176B10030F644 /* Build configuration list for PBXProject "YandexCup2023MusicApp" */ = {
			isa = XCConfigurationList;
			buildConfigurations = (
				8D5E76DF2AF176B20030F644 /* Debug */,
				8D5E76E02AF176B20030F644 /* Release */,
			);
			defaultConfigurationIsVisible = 0;
			defaultConfigurationName = Release;
		};
		8D5E76E12AF176B20030F644 /* Build configuration list for PBXNativeTarget "YandexCup2023MusicApp" */ = {
			isa = XCConfigurationList;
			buildConfigurations = (
				8D5E76E22AF176B20030F644 /* Debug */,
				8D5E76E32AF176B20030F644 /* Release */,
			);
			defaultConfigurationIsVisible = 0;
			defaultConfigurationName = Release;
		};
/* End XCConfigurationList section */
	};
	rootObject = 8D5E76C52AF176B10030F644 /* Project object */;
}
